
Microsoft Visual Studio Solution File, Format Version 12.00
# Visual Studio Version 17
VisualStudioVersion = 17.3.32825.248
MinimumVisualStudioVersion = 10.0.40219.1
Project("{9A19103F-16F7-4668-BE54-9A1E7A4F7556}") = "Pokedex", "Pokedex\Pokedex.csproj", "{1F994B7E-D31F-412D-979F-6698D80F7D2E}"
EndProject
Project("{9A19103F-16F7-4668-BE54-9A1E7A4F7556}") = "Pokedex.Models", "Pokedex.Models\Pokedex.Models.csproj", "{9536D140-DB84-4CB1-AFDE-2E6A6DE46065}"
EndProject
Project("{9A19103F-16F7-4668-BE54-9A1E7A4F7556}") = "Pokedex.Services", "Pokedex.Services\Pokedex.Services.csproj", "{F4E6DAF5-805C-4D0A-BB0B-43967BE8B4FC}"
EndProject
Global
	GlobalSection(SolutionConfigurationPlatforms) = preSolution
		Debug|Any CPU = Debug|Any CPU
		Release|Any CPU = Release|Any CPU
	EndGlobalSection
	GlobalSection(ProjectConfigurationPlatforms) = postSolution
		{1F994B7E-D31F-412D-979F-6698D80F7D2E}.Debug|Any CPU.ActiveCfg = Debug|Any CPU
		{1F994B7E-D31F-412D-979F-6698D80F7D2E}.Debug|Any CPU.Build.0 = Debug|Any CPU
		{1F994B7E-D31F-412D-979F-6698D80F7D2E}.Release|Any CPU.ActiveCfg = Release|Any CPU
		{1F994B7E-D31F-412D-979F-6698D80F7D2E}.Release|Any CPU.Build.0 = Release|Any CPU
		{9536D140-DB84-4CB1-AFDE-2E6A6DE46065}.Debug|Any CPU.ActiveCfg = Debug|Any CPU
		{9536D140-DB84-4CB1-AFDE-2E6A6DE46065}.Debug|Any CPU.Build.0 = Debug|Any CPU
		{9536D140-DB84-4CB1-AFDE-2E6A6DE46065}.Release|Any CPU.ActiveCfg = Release|Any CPU
		{9536D140-DB84-4CB1-AFDE-2E6A6DE46065}.Release|Any CPU.Build.0 = Release|Any CPU
		{F4E6DAF5-805C-4D0A-BB0B-43967BE8B4FC}.Debug|Any CPU.ActiveCfg = Debug|Any CPU
		{F4E6DAF5-805C-4D0A-BB0B-43967BE8B4FC}.Debug|Any CPU.Build.0 = Debug|Any CPU
		{F4E6DAF5-805C-4D0A-BB0B-43967BE8B4FC}.Release|Any CPU.ActiveCfg = Release|Any CPU
		{F4E6DAF5-805C-4D0A-BB0B-43967BE8B4FC}.Release|Any CPU.Build.0 = Release|Any CPU
	EndGlobalSection
	GlobalSection(SolutionProperties) = preSolution
		HideSolutionNode = FALSE
	EndGlobalSection
	GlobalSection(ExtensibilityGlobals) = postSolution
		SolutionGuid = {1E71DEF9-C1BF-4F4B-AD31-7C8648FA3A41}
	EndGlobalSection
EndGlobal
